
Microsoft Visual Studio Solution File, Format Version 12.00
# Visual Studio Version 17
VisualStudioVersion = 17.9.34728.123
MinimumVisualStudioVersion = 10.0.40219.1
Project("{FAE04EC0-301F-11D3-BF4B-00C04F79EFBC}") = "Order Management App", "Order Management App.csproj", "{C13F6C22-FE07-43C4-8570-CC3737751792}"
EndProject
Global
	GlobalSection(SolutionConfigurationPlatforms) = preSolution
		Debug|Any CPU = Debug|Any CPU
		Release|Any CPU = Release|Any CPU
	EndGlobalSection
	GlobalSection(ProjectConfigurationPlatforms) = postSolution
		{C13F6C22-FE07-43C4-8570-CC3737751792}.Debug|Any CPU.ActiveCfg = Debug|Any CPU
		{C13F6C22-FE07-43C4-8570-CC3737751792}.Debug|Any CPU.Build.0 = Debug|Any CPU
		{C13F6C22-FE07-43C4-8570-CC3737751792}.Release|Any CPU.ActiveCfg = Release|Any CPU
		{C13F6C22-FE07-43C4-8570-CC3737751792}.Release|Any CPU.Build.0 = Release|Any CPU
	EndGlobalSection
	GlobalSection(SolutionProperties) = preSolution
		HideSolutionNode = FALSE
	EndGlobalSection
	GlobalSection(ExtensibilityGlobals) = postSolution
		SolutionGuid = {49757756-816C-46C4-A58A-87B204826B62}
	EndGlobalSection
EndGlobal
